// !$*UTF8*$!
{
	archiveVersion = 1;
	classes = {
	};
	objectVersion = 55;
	objects = {

/* Begin PBXBuildFile section */
		1309F41029E083130045ABD1 /* Extensions.swift in Sources */ = {isa = PBXBuildFile; fileRef = 1309F40F29E083130045ABD1 /* Extensions.swift */; };
		130D5E1E29C8B1B8006A5972 /* ApiEndpoint.swift in Sources */ = {isa = PBXBuildFile; fileRef = 13EFE7E529C4863D00C6C13D /* ApiEndpoint.swift */; };
		130D5E2029C8B1D5006A5972 /* Thing.swift in Sources */ = {isa = PBXBuildFile; fileRef = 130D5E1F29C8B1D5006A5972 /* Thing.swift */; };
		130D5E2229C8B1F5006A5972 /* Listing.swift in Sources */ = {isa = PBXBuildFile; fileRef = 130D5E2129C8B1F5006A5972 /* Listing.swift */; };
		1337E97929CE44F300D9E63B /* ZoomableScrollView.swift in Sources */ = {isa = PBXBuildFile; fileRef = 1337E97829CE44F300D9E63B /* ZoomableScrollView.swift */; };
		1337E97B29CE581F00D9E63B /* PostView.swift in Sources */ = {isa = PBXBuildFile; fileRef = 1337E97A29CE581F00D9E63B /* PostView.swift */; };
		1337E97D29CF115B00D9E63B /* Media.swift in Sources */ = {isa = PBXBuildFile; fileRef = 1337E97C29CF115B00D9E63B /* Media.swift */; };
		1337E97F29D0B93500D9E63B /* VideoPlayerView.swift in Sources */ = {isa = PBXBuildFile; fileRef = 1337E97E29D0B93500D9E63B /* VideoPlayerView.swift */; };
		1337E98129D0E61100D9E63B /* RefreshableScrollView.swift in Sources */ = {isa = PBXBuildFile; fileRef = 1337E98029D0E61100D9E63B /* RefreshableScrollView.swift */; };
		1337E98329D3198800D9E63B /* RefreshableView.swift in Sources */ = {isa = PBXBuildFile; fileRef = 1337E98229D3198800D9E63B /* RefreshableView.swift */; };
		1337E98529D329D400D9E63B /* LargePostCardView.swift in Sources */ = {isa = PBXBuildFile; fileRef = 1337E98429D329D400D9E63B /* LargePostCardView.swift */; };
		1337E98729D34AF400D9E63B /* PostList.swift in Sources */ = {isa = PBXBuildFile; fileRef = 1337E98629D34AF400D9E63B /* PostList.swift */; };
		1337E9AA29D4663D00D9E63B /* SPostList.storyboard in Resources */ = {isa = PBXBuildFile; fileRef = 1337E9A929D4663D00D9E63B /* SPostList.storyboard */; };
		1337E9AC29D46B8200D9E63B /* SPostListController.swift in Sources */ = {isa = PBXBuildFile; fileRef = 1337E9AB29D46B8200D9E63B /* SPostListController.swift */; };
		1337E9AE29D6744A00D9E63B /* MediaViewerModel.swift in Sources */ = {isa = PBXBuildFile; fileRef = 1337E9AD29D6744A00D9E63B /* MediaViewerModel.swift */; };
		1337E9B029D7244E00D9E63B /* SafariView.swift in Sources */ = {isa = PBXBuildFile; fileRef = 1337E9AF29D7244E00D9E63B /* SafariView.swift */; };
		1337E9B229D737D300D9E63B /* AsyncUIImage.swift in Sources */ = {isa = PBXBuildFile; fileRef = 1337E9B129D737D300D9E63B /* AsyncUIImage.swift */; };
		1337E9B629D9D92400D9E63B /* PostMediaViewer.swift in Sources */ = {isa = PBXBuildFile; fileRef = 1337E9B529D9D92400D9E63B /* PostMediaViewer.swift */; };
		1353EC7729DDEFE100D7641B /* CommentsModel.swift in Sources */ = {isa = PBXBuildFile; fileRef = 1353EC7629DDEFDE00D7641B /* CommentsModel.swift */; };
		1353EC7929DDF22F00D7641B /* Comment.swift in Sources */ = {isa = PBXBuildFile; fileRef = 1353EC7829DDF22F00D7641B /* Comment.swift */; };
		1353EC7B29DDFF3200D7641B /* Endpoint.swift in Sources */ = {isa = PBXBuildFile; fileRef = 1353EC7A29DDFF3200D7641B /* Endpoint.swift */; };
		136FB3D929C200FE00C3FCF4 /* Oak_for_RedditApp.swift in Sources */ = {isa = PBXBuildFile; fileRef = 136FB3D829C200FE00C3FCF4 /* Oak_for_RedditApp.swift */; };
		136FB3DB29C200FE00C3FCF4 /* ContentView.swift in Sources */ = {isa = PBXBuildFile; fileRef = 136FB3DA29C200FE00C3FCF4 /* ContentView.swift */; };
		136FB3DD29C2010400C3FCF4 /* Assets.xcassets in Resources */ = {isa = PBXBuildFile; fileRef = 136FB3DC29C2010400C3FCF4 /* Assets.xcassets */; };
		136FB3E029C2010400C3FCF4 /* Preview Assets.xcassets in Resources */ = {isa = PBXBuildFile; fileRef = 136FB3DF29C2010400C3FCF4 /* Preview Assets.xcassets */; };
		136FB3EA29C2010400C3FCF4 /* Oak_for_RedditTests.swift in Sources */ = {isa = PBXBuildFile; fileRef = 136FB3E929C2010400C3FCF4 /* Oak_for_RedditTests.swift */; };
		136FB3F429C2010400C3FCF4 /* Oak_for_RedditUITests.swift in Sources */ = {isa = PBXBuildFile; fileRef = 136FB3F329C2010400C3FCF4 /* Oak_for_RedditUITests.swift */; };
		136FB3F629C2010400C3FCF4 /* Oak_for_RedditUITestsLaunchTests.swift in Sources */ = {isa = PBXBuildFile; fileRef = 136FB3F529C2010400C3FCF4 /* Oak_for_RedditUITestsLaunchTests.swift */; };
		136FB40629C21D9200C3FCF4 /* RedditApi.swift in Sources */ = {isa = PBXBuildFile; fileRef = 136FB40529C21D9200C3FCF4 /* RedditApi.swift */; };
		136FB40729C21D9200C3FCF4 /* RedditApi.swift in Sources */ = {isa = PBXBuildFile; fileRef = 136FB40529C21D9200C3FCF4 /* RedditApi.swift */; };
		13AE9E0D29CA4A1000242EE5 /* PostApi.swift in Sources */ = {isa = PBXBuildFile; fileRef = 13AE9E0C29CA4A1000242EE5 /* PostApi.swift */; };
		13AE9E0F29CA4D5F00242EE5 /* PostListView.swift in Sources */ = {isa = PBXBuildFile; fileRef = 13AE9E0E29CA4D5F00242EE5 /* PostListView.swift */; };
		13AE9E1129CA4F8400242EE5 /* Post.swift in Sources */ = {isa = PBXBuildFile; fileRef = 13AE9E1029CA4F8400242EE5 /* Post.swift */; };
		13AE9E1329CA5F4100242EE5 /* HexColorExtension.swift in Sources */ = {isa = PBXBuildFile; fileRef = 13AE9E1229CA5F4100242EE5 /* HexColorExtension.swift */; };
		13DAD02E29CCC5D7009F06F9 /* ToolbarSelector.swift in Sources */ = {isa = PBXBuildFile; fileRef = 13DAD02D29CCC5D7009F06F9 /* ToolbarSelector.swift */; };
		13DAD03029CCF199009F06F9 /* CompactPostCardView.swift in Sources */ = {isa = PBXBuildFile; fileRef = 13DAD02F29CCF199009F06F9 /* CompactPostCardView.swift */; };
		13DAD03229CDFE25009F06F9 /* PhotoViewerView.swift in Sources */ = {isa = PBXBuildFile; fileRef = 13DAD03129CDFE24009F06F9 /* PhotoViewerView.swift */; };
		13EF221429C5D5260099939A /* Subreddit.swift in Sources */ = {isa = PBXBuildFile; fileRef = 13EF221329C5D5260099939A /* Subreddit.swift */; };
		13EF221829C61ABF0099939A /* SubredditApi.swift in Sources */ = {isa = PBXBuildFile; fileRef = 13EF221729C61ABF0099939A /* SubredditApi.swift */; };
		13EF221A29C636A40099939A /* SubredditItemView.swift in Sources */ = {isa = PBXBuildFile; fileRef = 13EF221929C636A40099939A /* SubredditItemView.swift */; };
		13EFE7E029C27D2300C6C13D /* AuthorizationSheet.swift in Sources */ = {isa = PBXBuildFile; fileRef = 13EFE7DF29C27D2300C6C13D /* AuthorizationSheet.swift */; };
		13EFE7E229C2A4E900C6C13D /* WebView.swift in Sources */ = {isa = PBXBuildFile; fileRef = 13EFE7E129C2A4E900C6C13D /* WebView.swift */; };
		13EFE7E429C3F8F400C6C13D /* OAuthManager.swift in Sources */ = {isa = PBXBuildFile; fileRef = 13EFE7E329C3F8F400C6C13D /* OAuthManager.swift */; };
		13EFE7E629C4863D00C6C13D /* ApiEndpoint.swift in Sources */ = {isa = PBXBuildFile; fileRef = 13EFE7E529C4863D00C6C13D /* ApiEndpoint.swift */; };
		13EFE7EC29C49C9500C6C13D /* SubredditListView.swift in Sources */ = {isa = PBXBuildFile; fileRef = 13EFE7EB29C49C9500C6C13D /* SubredditListView.swift */; };
		13EFE7ED29C49C9600C6C13D /* SubredditListView.swift in Sources */ = {isa = PBXBuildFile; fileRef = 13EFE7EB29C49C9500C6C13D /* SubredditListView.swift */; };
		13EFE7EF29C4ADF100C6C13D /* LoginView.swift in Sources */ = {isa = PBXBuildFile; fileRef = 13EFE7EE29C4ADF100C6C13D /* LoginView.swift */; };
		13EFE7F029C4ADF100C6C13D /* LoginView.swift in Sources */ = {isa = PBXBuildFile; fileRef = 13EFE7EE29C4ADF100C6C13D /* LoginView.swift */; };
/* End PBXBuildFile section */

/* Begin PBXContainerItemProxy section */
		136FB3E629C2010400C3FCF4 /* PBXContainerItemProxy */ = {
			isa = PBXContainerItemProxy;
			containerPortal = 136FB3CD29C200FD00C3FCF4 /* Project object */;
			proxyType = 1;
			remoteGlobalIDString = 136FB3D429C200FD00C3FCF4;
			remoteInfo = "Oak for Reddit";
		};
		136FB3F029C2010400C3FCF4 /* PBXContainerItemProxy */ = {
			isa = PBXContainerItemProxy;
			containerPortal = 136FB3CD29C200FD00C3FCF4 /* Project object */;
			proxyType = 1;
			remoteGlobalIDString = 136FB3D429C200FD00C3FCF4;
			remoteInfo = "Oak for Reddit";
		};
/* End PBXContainerItemProxy section */

/* Begin PBXFileReference section */
		1309F40F29E083130045ABD1 /* Extensions.swift */ = {isa = PBXFileReference; lastKnownFileType = sourcecode.swift; path = Extensions.swift; sourceTree = "<group>"; };
		130D5E1F29C8B1D5006A5972 /* Thing.swift */ = {isa = PBXFileReference; lastKnownFileType = sourcecode.swift; path = Thing.swift; sourceTree = "<group>"; };
		130D5E2129C8B1F5006A5972 /* Listing.swift */ = {isa = PBXFileReference; lastKnownFileType = sourcecode.swift; path = Listing.swift; sourceTree = "<group>"; };
		1337E97829CE44F300D9E63B /* ZoomableScrollView.swift */ = {isa = PBXFileReference; lastKnownFileType = sourcecode.swift; path = ZoomableScrollView.swift; sourceTree = "<group>"; };
		1337E97A29CE581F00D9E63B /* PostView.swift */ = {isa = PBXFileReference; lastKnownFileType = sourcecode.swift; path = PostView.swift; sourceTree = "<group>"; };
		1337E97C29CF115B00D9E63B /* Media.swift */ = {isa = PBXFileReference; lastKnownFileType = sourcecode.swift; path = Media.swift; sourceTree = "<group>"; };
		1337E97E29D0B93500D9E63B /* VideoPlayerView.swift */ = {isa = PBXFileReference; lastKnownFileType = sourcecode.swift; path = VideoPlayerView.swift; sourceTree = "<group>"; };
		1337E98029D0E61100D9E63B /* RefreshableScrollView.swift */ = {isa = PBXFileReference; lastKnownFileType = sourcecode.swift; path = RefreshableScrollView.swift; sourceTree = "<group>"; };
		1337E98229D3198800D9E63B /* RefreshableView.swift */ = {isa = PBXFileReference; lastKnownFileType = sourcecode.swift; path = RefreshableView.swift; sourceTree = "<group>"; };
		1337E98429D329D400D9E63B /* LargePostCardView.swift */ = {isa = PBXFileReference; lastKnownFileType = sourcecode.swift; path = LargePostCardView.swift; sourceTree = "<group>"; };
		1337E98629D34AF400D9E63B /* PostList.swift */ = {isa = PBXFileReference; lastKnownFileType = sourcecode.swift; path = PostList.swift; sourceTree = "<group>"; };
		1337E9A929D4663D00D9E63B /* SPostList.storyboard */ = {isa = PBXFileReference; lastKnownFileType = file.storyboard; path = SPostList.storyboard; sourceTree = "<group>"; };
		1337E9AB29D46B8200D9E63B /* SPostListController.swift */ = {isa = PBXFileReference; lastKnownFileType = sourcecode.swift; path = SPostListController.swift; sourceTree = "<group>"; };
		1337E9AD29D6744A00D9E63B /* MediaViewerModel.swift */ = {isa = PBXFileReference; lastKnownFileType = sourcecode.swift; path = MediaViewerModel.swift; sourceTree = "<group>"; };
		1337E9AF29D7244E00D9E63B /* SafariView.swift */ = {isa = PBXFileReference; lastKnownFileType = sourcecode.swift; path = SafariView.swift; sourceTree = "<group>"; };
		1337E9B129D737D300D9E63B /* AsyncUIImage.swift */ = {isa = PBXFileReference; lastKnownFileType = sourcecode.swift; path = AsyncUIImage.swift; sourceTree = "<group>"; };
		1337E9B529D9D92400D9E63B /* PostMediaViewer.swift */ = {isa = PBXFileReference; lastKnownFileType = sourcecode.swift; path = PostMediaViewer.swift; sourceTree = "<group>"; };
		1353EC7629DDEFDE00D7641B /* CommentsModel.swift */ = {isa = PBXFileReference; lastKnownFileType = sourcecode.swift; path = CommentsModel.swift; sourceTree = "<group>"; };
		1353EC7829DDF22F00D7641B /* Comment.swift */ = {isa = PBXFileReference; lastKnownFileType = sourcecode.swift; path = Comment.swift; sourceTree = "<group>"; };
		1353EC7A29DDFF3200D7641B /* Endpoint.swift */ = {isa = PBXFileReference; lastKnownFileType = sourcecode.swift; path = Endpoint.swift; sourceTree = "<group>"; };
		136FB3D529C200FE00C3FCF4 /* Oak for Reddit.app */ = {isa = PBXFileReference; explicitFileType = wrapper.application; includeInIndex = 0; path = "Oak for Reddit.app"; sourceTree = BUILT_PRODUCTS_DIR; };
		136FB3D829C200FE00C3FCF4 /* Oak_for_RedditApp.swift */ = {isa = PBXFileReference; lastKnownFileType = sourcecode.swift; path = Oak_for_RedditApp.swift; sourceTree = "<group>"; };
		136FB3DA29C200FE00C3FCF4 /* ContentView.swift */ = {isa = PBXFileReference; lastKnownFileType = sourcecode.swift; path = ContentView.swift; sourceTree = "<group>"; };
		136FB3DC29C2010400C3FCF4 /* Assets.xcassets */ = {isa = PBXFileReference; lastKnownFileType = folder.assetcatalog; path = Assets.xcassets; sourceTree = "<group>"; };
		136FB3DF29C2010400C3FCF4 /* Preview Assets.xcassets */ = {isa = PBXFileReference; lastKnownFileType = folder.assetcatalog; path = "Preview Assets.xcassets"; sourceTree = "<group>"; };
		136FB3E529C2010400C3FCF4 /* Oak for RedditTests.xctest */ = {isa = PBXFileReference; explicitFileType = wrapper.cfbundle; includeInIndex = 0; path = "Oak for RedditTests.xctest"; sourceTree = BUILT_PRODUCTS_DIR; };
		136FB3E929C2010400C3FCF4 /* Oak_for_RedditTests.swift */ = {isa = PBXFileReference; lastKnownFileType = sourcecode.swift; path = Oak_for_RedditTests.swift; sourceTree = "<group>"; };
		136FB3EF29C2010400C3FCF4 /* Oak for RedditUITests.xctest */ = {isa = PBXFileReference; explicitFileType = wrapper.cfbundle; includeInIndex = 0; path = "Oak for RedditUITests.xctest"; sourceTree = BUILT_PRODUCTS_DIR; };
		136FB3F329C2010400C3FCF4 /* Oak_for_RedditUITests.swift */ = {isa = PBXFileReference; lastKnownFileType = sourcecode.swift; path = Oak_for_RedditUITests.swift; sourceTree = "<group>"; };
		136FB3F529C2010400C3FCF4 /* Oak_for_RedditUITestsLaunchTests.swift */ = {isa = PBXFileReference; lastKnownFileType = sourcecode.swift; path = Oak_for_RedditUITestsLaunchTests.swift; sourceTree = "<group>"; };
		136FB40529C21D9200C3FCF4 /* RedditApi.swift */ = {isa = PBXFileReference; lastKnownFileType = sourcecode.swift; path = RedditApi.swift; sourceTree = "<group>"; };
		136FB40829C21F9300C3FCF4 /* Oak-for-Reddit-Info.plist */ = {isa = PBXFileReference; lastKnownFileType = text.plist; path = "Oak-for-Reddit-Info.plist"; sourceTree = SOURCE_ROOT; };
		13AE9E0C29CA4A1000242EE5 /* PostApi.swift */ = {isa = PBXFileReference; lastKnownFileType = sourcecode.swift; path = PostApi.swift; sourceTree = "<group>"; };
		13AE9E0E29CA4D5F00242EE5 /* PostListView.swift */ = {isa = PBXFileReference; lastKnownFileType = sourcecode.swift; path = PostListView.swift; sourceTree = "<group>"; };
		13AE9E1029CA4F8400242EE5 /* Post.swift */ = {isa = PBXFileReference; lastKnownFileType = sourcecode.swift; path = Post.swift; sourceTree = "<group>"; };
		13AE9E1229CA5F4100242EE5 /* HexColorExtension.swift */ = {isa = PBXFileReference; lastKnownFileType = sourcecode.swift; path = HexColorExtension.swift; sourceTree = "<group>"; };
		13DAD02D29CCC5D7009F06F9 /* ToolbarSelector.swift */ = {isa = PBXFileReference; lastKnownFileType = sourcecode.swift; path = ToolbarSelector.swift; sourceTree = "<group>"; };
		13DAD02F29CCF199009F06F9 /* CompactPostCardView.swift */ = {isa = PBXFileReference; lastKnownFileType = sourcecode.swift; path = CompactPostCardView.swift; sourceTree = "<group>"; };
		13DAD03129CDFE24009F06F9 /* PhotoViewerView.swift */ = {isa = PBXFileReference; lastKnownFileType = sourcecode.swift; path = PhotoViewerView.swift; sourceTree = "<group>"; };
		13EF221329C5D5260099939A /* Subreddit.swift */ = {isa = PBXFileReference; lastKnownFileType = sourcecode.swift; path = Subreddit.swift; sourceTree = "<group>"; };
		13EF221729C61ABF0099939A /* SubredditApi.swift */ = {isa = PBXFileReference; lastKnownFileType = sourcecode.swift; path = SubredditApi.swift; sourceTree = "<group>"; };
		13EF221929C636A40099939A /* SubredditItemView.swift */ = {isa = PBXFileReference; lastKnownFileType = sourcecode.swift; path = SubredditItemView.swift; sourceTree = "<group>"; };
		13EFE7DF29C27D2300C6C13D /* AuthorizationSheet.swift */ = {isa = PBXFileReference; lastKnownFileType = sourcecode.swift; path = AuthorizationSheet.swift; sourceTree = "<group>"; };
		13EFE7E129C2A4E900C6C13D /* WebView.swift */ = {isa = PBXFileReference; lastKnownFileType = sourcecode.swift; path = WebView.swift; sourceTree = "<group>"; };
		13EFE7E329C3F8F400C6C13D /* OAuthManager.swift */ = {isa = PBXFileReference; lastKnownFileType = sourcecode.swift; path = OAuthManager.swift; sourceTree = "<group>"; };
		13EFE7E529C4863D00C6C13D /* ApiEndpoint.swift */ = {isa = PBXFileReference; lastKnownFileType = sourcecode.swift; path = ApiEndpoint.swift; sourceTree = "<group>"; };
		13EFE7EB29C49C9500C6C13D /* SubredditListView.swift */ = {isa = PBXFileReference; lastKnownFileType = sourcecode.swift; path = SubredditListView.swift; sourceTree = "<group>"; };
		13EFE7EE29C4ADF100C6C13D /* LoginView.swift */ = {isa = PBXFileReference; lastKnownFileType = sourcecode.swift; path = LoginView.swift; sourceTree = "<group>"; };
/* End PBXFileReference section */

/* Begin PBXFrameworksBuildPhase section */
		136FB3D229C200FD00C3FCF4 /* Frameworks */ = {
			isa = PBXFrameworksBuildPhase;
			buildActionMask = 2147483647;
			files = (
			);
			runOnlyForDeploymentPostprocessing = 0;
		};
		136FB3E229C2010400C3FCF4 /* Frameworks */ = {
			isa = PBXFrameworksBuildPhase;
			buildActionMask = 2147483647;
			files = (
			);
			runOnlyForDeploymentPostprocessing = 0;
		};
		136FB3EC29C2010400C3FCF4 /* Frameworks */ = {
			isa = PBXFrameworksBuildPhase;
			buildActionMask = 2147483647;
			files = (
			);
			runOnlyForDeploymentPostprocessing = 0;
		};
/* End PBXFrameworksBuildPhase section */

/* Begin PBXGroup section */
		130D5E1B29C8B0BB006A5972 /* oauth */ = {
			isa = PBXGroup;
			children = (
				13EFE7E329C3F8F400C6C13D /* OAuthManager.swift */,
			);
			path = oauth;
			sourceTree = "<group>";
		};
		130D5E1C29C8B104006A5972 /* core */ = {
			isa = PBXGroup;
			children = (
				130D5E1D29C8B160006A5972 /* types */,
				130D5E1B29C8B0BB006A5972 /* oauth */,
				136FB40529C21D9200C3FCF4 /* RedditApi.swift */,
				13EFE7E529C4863D00C6C13D /* ApiEndpoint.swift */,
				1353EC7A29DDFF3200D7641B /* Endpoint.swift */,
			);
			path = core;
			sourceTree = "<group>";
		};
		130D5E1D29C8B160006A5972 /* types */ = {
			isa = PBXGroup;
			children = (
				130D5E1F29C8B1D5006A5972 /* Thing.swift */,
				130D5E2129C8B1F5006A5972 /* Listing.swift */,
				1337E97C29CF115B00D9E63B /* Media.swift */,
			);
			path = types;
			sourceTree = "<group>";
		};
		1337E9A829D4661100D9E63B /* storyboard */ = {
			isa = PBXGroup;
			children = (
				1337E9A929D4663D00D9E63B /* SPostList.storyboard */,
				1337E9AB29D46B8200D9E63B /* SPostListController.swift */,
			);
			path = storyboard;
			sourceTree = "<group>";
		};
		136FB3CC29C200FD00C3FCF4 = {
			isa = PBXGroup;
			children = (
				136FB3D729C200FE00C3FCF4 /* Oak for Reddit */,
				136FB3E829C2010400C3FCF4 /* Oak for RedditTests */,
				136FB3F229C2010400C3FCF4 /* Oak for RedditUITests */,
				136FB3D629C200FE00C3FCF4 /* Products */,
			);
			sourceTree = "<group>";
		};
		136FB3D629C200FE00C3FCF4 /* Products */ = {
			isa = PBXGroup;
			children = (
				136FB3D529C200FE00C3FCF4 /* Oak for Reddit.app */,
				136FB3E529C2010400C3FCF4 /* Oak for RedditTests.xctest */,
				136FB3EF29C2010400C3FCF4 /* Oak for RedditUITests.xctest */,
			);
			name = Products;
			sourceTree = "<group>";
		};
		136FB3D729C200FE00C3FCF4 /* Oak for Reddit */ = {
			isa = PBXGroup;
			children = (
				1337E9A829D4661100D9E63B /* storyboard */,
				13EF220D29C5D0C20099939A /* api */,
				136FB3D829C200FE00C3FCF4 /* Oak_for_RedditApp.swift */,
				136FB3DA29C200FE00C3FCF4 /* ContentView.swift */,
				13EFE7DF29C27D2300C6C13D /* AuthorizationSheet.swift */,
				13EFE7E129C2A4E900C6C13D /* WebView.swift */,
				1309F40F29E083130045ABD1 /* Extensions.swift */,
				13EFE7EB29C49C9500C6C13D /* SubredditListView.swift */,
				13EFE7EE29C4ADF100C6C13D /* LoginView.swift */,
				13EF221929C636A40099939A /* SubredditItemView.swift */,
				136FB40829C21F9300C3FCF4 /* Oak-for-Reddit-Info.plist */,
				136FB3DC29C2010400C3FCF4 /* Assets.xcassets */,
				136FB3DE29C2010400C3FCF4 /* Preview Content */,
				13AE9E0C29CA4A1000242EE5 /* PostApi.swift */,
				13AE9E0E29CA4D5F00242EE5 /* PostListView.swift */,
				1337E98229D3198800D9E63B /* RefreshableView.swift */,
				13AE9E1229CA5F4100242EE5 /* HexColorExtension.swift */,
				1337E98429D329D400D9E63B /* LargePostCardView.swift */,
				13DAD02D29CCC5D7009F06F9 /* ToolbarSelector.swift */,
				1337E9B529D9D92400D9E63B /* PostMediaViewer.swift */,
				13DAD02F29CCF199009F06F9 /* CompactPostCardView.swift */,
				1353EC7629DDEFDE00D7641B /* CommentsModel.swift */,
				1337E9B129D737D300D9E63B /* AsyncUIImage.swift */,
				1337E9AF29D7244E00D9E63B /* SafariView.swift */,
				13DAD03129CDFE24009F06F9 /* PhotoViewerView.swift */,
				1337E98029D0E61100D9E63B /* RefreshableScrollView.swift */,
				1337E98629D34AF400D9E63B /* PostList.swift */,
				1337E9AD29D6744A00D9E63B /* MediaViewerModel.swift */,
				1337E97829CE44F300D9E63B /* ZoomableScrollView.swift */,
				1337E97A29CE581F00D9E63B /* PostView.swift */,
				1337E97E29D0B93500D9E63B /* VideoPlayerView.swift */,
			);
			path = "Oak for Reddit";
			sourceTree = "<group>";
		};
		136FB3DE29C2010400C3FCF4 /* Preview Content */ = {
			isa = PBXGroup;
			children = (
				136FB3DF29C2010400C3FCF4 /* Preview Assets.xcassets */,
			);
			path = "Preview Content";
			sourceTree = "<group>";
		};
		136FB3E829C2010400C3FCF4 /* Oak for RedditTests */ = {
			isa = PBXGroup;
			children = (
				136FB3E929C2010400C3FCF4 /* Oak_for_RedditTests.swift */,
			);
			path = "Oak for RedditTests";
			sourceTree = "<group>";
		};
		136FB3F229C2010400C3FCF4 /* Oak for RedditUITests */ = {
			isa = PBXGroup;
			children = (
				136FB3F329C2010400C3FCF4 /* Oak_for_RedditUITests.swift */,
				136FB3F529C2010400C3FCF4 /* Oak_for_RedditUITestsLaunchTests.swift */,
			);
			path = "Oak for RedditUITests";
			sourceTree = "<group>";
		};
		13EF220D29C5D0C20099939A /* api */ = {
			isa = PBXGroup;
			children = (
				130D5E1C29C8B104006A5972 /* core */,
				13EF220E29C5D0DA0099939A /* types */,
				13EF221729C61ABF0099939A /* SubredditApi.swift */,
			);
			path = api;
			sourceTree = "<group>";
		};
		13EF220E29C5D0DA0099939A /* types */ = {
			isa = PBXGroup;
			children = (
				13EF221329C5D5260099939A /* Subreddit.swift */,
				1353EC7829DDF22F00D7641B /* Comment.swift */,
				13AE9E1029CA4F8400242EE5 /* Post.swift */,
			);
			path = types;
			sourceTree = "<group>";
		};
/* End PBXGroup section */

/* Begin PBXNativeTarget section */
		136FB3D429C200FD00C3FCF4 /* Oak for Reddit */ = {
			isa = PBXNativeTarget;
			buildConfigurationList = 136FB3F929C2010400C3FCF4 /* Build configuration list for PBXNativeTarget "Oak for Reddit" */;
			buildPhases = (
				136FB3D129C200FD00C3FCF4 /* Sources */,
				136FB3D229C200FD00C3FCF4 /* Frameworks */,
				136FB3D329C200FD00C3FCF4 /* Resources */,
			);
			buildRules = (
			);
			dependencies = (
			);
			name = "Oak for Reddit";
			productName = "Oak for Reddit";
			productReference = 136FB3D529C200FE00C3FCF4 /* Oak for Reddit.app */;
			productType = "com.apple.product-type.application";
		};
		136FB3E429C2010400C3FCF4 /* Oak for RedditTests */ = {
			isa = PBXNativeTarget;
			buildConfigurationList = 136FB3FC29C2010400C3FCF4 /* Build configuration list for PBXNativeTarget "Oak for RedditTests" */;
			buildPhases = (
				136FB3E129C2010400C3FCF4 /* Sources */,
				136FB3E229C2010400C3FCF4 /* Frameworks */,
				136FB3E329C2010400C3FCF4 /* Resources */,
			);
			buildRules = (
			);
			dependencies = (
				136FB3E729C2010400C3FCF4 /* PBXTargetDependency */,
			);
			name = "Oak for RedditTests";
			productName = "Oak for RedditTests";
			productReference = 136FB3E529C2010400C3FCF4 /* Oak for RedditTests.xctest */;
			productType = "com.apple.product-type.bundle.unit-test";
		};
		136FB3EE29C2010400C3FCF4 /* Oak for RedditUITests */ = {
			isa = PBXNativeTarget;
			buildConfigurationList = 136FB3FF29C2010400C3FCF4 /* Build configuration list for PBXNativeTarget "Oak for RedditUITests" */;
			buildPhases = (
				136FB3EB29C2010400C3FCF4 /* Sources */,
				136FB3EC29C2010400C3FCF4 /* Frameworks */,
				136FB3ED29C2010400C3FCF4 /* Resources */,
			);
			buildRules = (
			);
			dependencies = (
				136FB3F129C2010400C3FCF4 /* PBXTargetDependency */,
			);
			name = "Oak for RedditUITests";
			productName = "Oak for RedditUITests";
			productReference = 136FB3EF29C2010400C3FCF4 /* Oak for RedditUITests.xctest */;
			productType = "com.apple.product-type.bundle.ui-testing";
		};
/* End PBXNativeTarget section */

/* Begin PBXProject section */
		136FB3CD29C200FD00C3FCF4 /* Project object */ = {
			isa = PBXProject;
			attributes = {
				BuildIndependentTargetsInParallel = 1;
				LastSwiftUpdateCheck = 1320;
				LastUpgradeCheck = 1320;
				TargetAttributes = {
					136FB3D429C200FD00C3FCF4 = {
						CreatedOnToolsVersion = 13.2.1;
					};
					136FB3E429C2010400C3FCF4 = {
						CreatedOnToolsVersion = 13.2.1;
						TestTargetID = 136FB3D429C200FD00C3FCF4;
					};
					136FB3EE29C2010400C3FCF4 = {
						CreatedOnToolsVersion = 13.2.1;
						TestTargetID = 136FB3D429C200FD00C3FCF4;
					};
				};
			};
			buildConfigurationList = 136FB3D029C200FD00C3FCF4 /* Build configuration list for PBXProject "Oak for Reddit" */;
			compatibilityVersion = "Xcode 13.0";
			developmentRegion = en;
			hasScannedForEncodings = 0;
			knownRegions = (
				en,
				Base,
			);
			mainGroup = 136FB3CC29C200FD00C3FCF4;
			productRefGroup = 136FB3D629C200FE00C3FCF4 /* Products */;
			projectDirPath = "";
			projectRoot = "";
			targets = (
				136FB3D429C200FD00C3FCF4 /* Oak for Reddit */,
				136FB3E429C2010400C3FCF4 /* Oak for RedditTests */,
				136FB3EE29C2010400C3FCF4 /* Oak for RedditUITests */,
			);
		};
/* End PBXProject section */

/* Begin PBXResourcesBuildPhase section */
		136FB3D329C200FD00C3FCF4 /* Resources */ = {
			isa = PBXResourcesBuildPhase;
			buildActionMask = 2147483647;
			files = (
				136FB3E029C2010400C3FCF4 /* Preview Assets.xcassets in Resources */,
				136FB3DD29C2010400C3FCF4 /* Assets.xcassets in Resources */,
				1337E9AA29D4663D00D9E63B /* SPostList.storyboard in Resources */,
			);
			runOnlyForDeploymentPostprocessing = 0;
		};
		136FB3E329C2010400C3FCF4 /* Resources */ = {
			isa = PBXResourcesBuildPhase;
			buildActionMask = 2147483647;
			files = (
			);
			runOnlyForDeploymentPostprocessing = 0;
		};
		136FB3ED29C2010400C3FCF4 /* Resources */ = {
			isa = PBXResourcesBuildPhase;
			buildActionMask = 2147483647;
			files = (
			);
			runOnlyForDeploymentPostprocessing = 0;
		};
/* End PBXResourcesBuildPhase section */

/* Begin PBXSourcesBuildPhase section */
		136FB3D129C200FD00C3FCF4 /* Sources */ = {
			isa = PBXSourcesBuildPhase;
			buildActionMask = 2147483647;
			files = (
				136FB3DB29C200FE00C3FCF4 /* ContentView.swift in Sources */,
				13EF221A29C636A40099939A /* SubredditItemView.swift in Sources */,
				13EFE7EC29C49C9500C6C13D /* SubredditListView.swift in Sources */,
				13EF221429C5D5260099939A /* Subreddit.swift in Sources */,
				1337E98529D329D400D9E63B /* LargePostCardView.swift in Sources */,
				13DAD02E29CCC5D7009F06F9 /* ToolbarSelector.swift in Sources */,
				1337E98129D0E61100D9E63B /* RefreshableScrollView.swift in Sources */,
				1309F41029E083130045ABD1 /* Extensions.swift in Sources */,
				1353EC7929DDF22F00D7641B /* Comment.swift in Sources */,
				13AE9E1129CA4F8400242EE5 /* Post.swift in Sources */,
				13EFE7E429C3F8F400C6C13D /* OAuthManager.swift in Sources */,
				130D5E2029C8B1D5006A5972 /* Thing.swift in Sources */,
				130D5E2229C8B1F5006A5972 /* Listing.swift in Sources */,
				13EFE7E229C2A4E900C6C13D /* WebView.swift in Sources */,
				13EFE7E629C4863D00C6C13D /* ApiEndpoint.swift in Sources */,
				1337E9AE29D6744A00D9E63B /* MediaViewerModel.swift in Sources */,
				13EFE7E029C27D2300C6C13D /* AuthorizationSheet.swift in Sources */,
				13DAD03029CCF199009F06F9 /* CompactPostCardView.swift in Sources */,
				1337E9AC29D46B8200D9E63B /* SPostListController.swift in Sources */,
				1337E98329D3198800D9E63B /* RefreshableView.swift in Sources */,
				1353EC7B29DDFF3200D7641B /* Endpoint.swift in Sources */,
				13AE9E0F29CA4D5F00242EE5 /* PostListView.swift in Sources */,
				1353EC7729DDEFE100D7641B /* CommentsModel.swift in Sources */,
				1337E97D29CF115B00D9E63B /* Media.swift in Sources */,
				1337E9B629D9D92400D9E63B /* PostMediaViewer.swift in Sources */,
				1337E97B29CE581F00D9E63B /* PostView.swift in Sources */,
				13AE9E0D29CA4A1000242EE5 /* PostApi.swift in Sources */,
				13AE9E1329CA5F4100242EE5 /* HexColorExtension.swift in Sources */,
				13DAD03229CDFE25009F06F9 /* PhotoViewerView.swift in Sources */,
				1337E97F29D0B93500D9E63B /* VideoPlayerView.swift in Sources */,
				136FB3D929C200FE00C3FCF4 /* Oak_for_RedditApp.swift in Sources */,
				1337E98729D34AF400D9E63B /* PostList.swift in Sources */,
				1337E97929CE44F300D9E63B /* ZoomableScrollView.swift in Sources */,
				1337E9B029D7244E00D9E63B /* SafariView.swift in Sources */,
				13EFE7EF29C4ADF100C6C13D /* LoginView.swift in Sources */,
				13EF221829C61ABF0099939A /* SubredditApi.swift in Sources */,
				136FB40629C21D9200C3FCF4 /* RedditApi.swift in Sources */,
				1337E9B229D737D300D9E63B /* AsyncUIImage.swift in Sources */,
			);
			runOnlyForDeploymentPostprocessing = 0;
		};
		136FB3E129C2010400C3FCF4 /* Sources */ = {
			isa = PBXSourcesBuildPhase;
			buildActionMask = 2147483647;
			files = (
				136FB40729C21D9200C3FCF4 /* RedditApi.swift in Sources */,
				136FB3EA29C2010400C3FCF4 /* Oak_for_RedditTests.swift in Sources */,
				130D5E1E29C8B1B8006A5972 /* ApiEndpoint.swift in Sources */,
			);
			runOnlyForDeploymentPostprocessing = 0;
		};
		136FB3EB29C2010400C3FCF4 /* Sources */ = {
			isa = PBXSourcesBuildPhase;
			buildActionMask = 2147483647;
			files = (
				136FB3F629C2010400C3FCF4 /* Oak_for_RedditUITestsLaunchTests.swift in Sources */,
				136FB3F429C2010400C3FCF4 /* Oak_for_RedditUITests.swift in Sources */,
				13EFE7F029C4ADF100C6C13D /* LoginView.swift in Sources */,
				13EFE7ED29C49C9600C6C13D /* SubredditListView.swift in Sources */,
			);
			runOnlyForDeploymentPostprocessing = 0;
		};
/* End PBXSourcesBuildPhase section */

/* Begin PBXTargetDependency section */
		136FB3E729C2010400C3FCF4 /* PBXTargetDependency */ = {
			isa = PBXTargetDependency;
			target = 136FB3D429C200FD00C3FCF4 /* Oak for Reddit */;
			targetProxy = 136FB3E629C2010400C3FCF4 /* PBXContainerItemProxy */;
		};
		136FB3F129C2010400C3FCF4 /* PBXTargetDependency */ = {
			isa = PBXTargetDependency;
			target = 136FB3D429C200FD00C3FCF4 /* Oak for Reddit */;
			targetProxy = 136FB3F029C2010400C3FCF4 /* PBXContainerItemProxy */;
		};
/* End PBXTargetDependency section */

/* Begin XCBuildConfiguration section */
		136FB3F729C2010400C3FCF4 /* Debug */ = {
			isa = XCBuildConfiguration;
			buildSettings = {
				ALWAYS_SEARCH_USER_PATHS = NO;
				CLANG_ANALYZER_NONNULL = YES;
				CLANG_ANALYZER_NUMBER_OBJECT_CONVERSION = YES_AGGRESSIVE;
				CLANG_CXX_LANGUAGE_STANDARD = "gnu++17";
				CLANG_CXX_LIBRARY = "libc++";
				CLANG_ENABLE_MODULES = YES;
				CLANG_ENABLE_OBJC_ARC = YES;
				CLANG_ENABLE_OBJC_WEAK = YES;
				CLANG_WARN_BLOCK_CAPTURE_AUTORELEASING = YES;
				CLANG_WARN_BOOL_CONVERSION = YES;
				CLANG_WARN_COMMA = YES;
				CLANG_WARN_CONSTANT_CONVERSION = YES;
				CLANG_WARN_DEPRECATED_OBJC_IMPLEMENTATIONS = YES;
				CLANG_WARN_DIRECT_OBJC_ISA_USAGE = YES_ERROR;
				CLANG_WARN_DOCUMENTATION_COMMENTS = YES;
				CLANG_WARN_EMPTY_BODY = YES;
				CLANG_WARN_ENUM_CONVERSION = YES;
				CLANG_WARN_INFINITE_RECURSION = YES;
				CLANG_WARN_INT_CONVERSION = YES;
				CLANG_WARN_NON_LITERAL_NULL_CONVERSION = YES;
				CLANG_WARN_OBJC_IMPLICIT_RETAIN_SELF = YES;
				CLANG_WARN_OBJC_LITERAL_CONVERSION = YES;
				CLANG_WARN_OBJC_ROOT_CLASS = YES_ERROR;
				CLANG_WARN_QUOTED_INCLUDE_IN_FRAMEWORK_HEADER = YES;
				CLANG_WARN_RANGE_LOOP_ANALYSIS = YES;
				CLANG_WARN_STRICT_PROTOTYPES = YES;
				CLANG_WARN_SUSPICIOUS_MOVE = YES;
				CLANG_WARN_UNGUARDED_AVAILABILITY = YES_AGGRESSIVE;
				CLANG_WARN_UNREACHABLE_CODE = YES;
				CLANG_WARN__DUPLICATE_METHOD_MATCH = YES;
				COPY_PHASE_STRIP = NO;
				DEBUG_INFORMATION_FORMAT = dwarf;
				ENABLE_STRICT_OBJC_MSGSEND = YES;
				ENABLE_TESTABILITY = YES;
				GCC_C_LANGUAGE_STANDARD = gnu11;
				GCC_DYNAMIC_NO_PIC = NO;
				GCC_NO_COMMON_BLOCKS = YES;
				GCC_OPTIMIZATION_LEVEL = 0;
				GCC_PREPROCESSOR_DEFINITIONS = (
					"DEBUG=1",
					"$(inherited)",
				);
				GCC_WARN_64_TO_32_BIT_CONVERSION = YES;
				GCC_WARN_ABOUT_RETURN_TYPE = YES_ERROR;
				GCC_WARN_UNDECLARED_SELECTOR = YES;
				GCC_WARN_UNINITIALIZED_AUTOS = YES_AGGRESSIVE;
				GCC_WARN_UNUSED_FUNCTION = YES;
				GCC_WARN_UNUSED_VARIABLE = YES;
				IPHONEOS_DEPLOYMENT_TARGET = 15.2;
				MTL_ENABLE_DEBUG_INFO = INCLUDE_SOURCE;
				MTL_FAST_MATH = YES;
				ONLY_ACTIVE_ARCH = YES;
				SDKROOT = iphoneos;
				SWIFT_ACTIVE_COMPILATION_CONDITIONS = DEBUG;
				SWIFT_OPTIMIZATION_LEVEL = "-Onone";
			};
			name = Debug;
		};
		136FB3F829C2010400C3FCF4 /* Release */ = {
			isa = XCBuildConfiguration;
			buildSettings = {
				ALWAYS_SEARCH_USER_PATHS = NO;
				CLANG_ANALYZER_NONNULL = YES;
				CLANG_ANALYZER_NUMBER_OBJECT_CONVERSION = YES_AGGRESSIVE;
				CLANG_CXX_LANGUAGE_STANDARD = "gnu++17";
				CLANG_CXX_LIBRARY = "libc++";
				CLANG_ENABLE_MODULES = YES;
				CLANG_ENABLE_OBJC_ARC = YES;
				CLANG_ENABLE_OBJC_WEAK = YES;
				CLANG_WARN_BLOCK_CAPTURE_AUTORELEASING = YES;
				CLANG_WARN_BOOL_CONVERSION = YES;
				CLANG_WARN_COMMA = YES;
				CLANG_WARN_CONSTANT_CONVERSION = YES;
				CLANG_WARN_DEPRECATED_OBJC_IMPLEMENTATIONS = YES;
				CLANG_WARN_DIRECT_OBJC_ISA_USAGE = YES_ERROR;
				CLANG_WARN_DOCUMENTATION_COMMENTS = YES;
				CLANG_WARN_EMPTY_BODY = YES;
				CLANG_WARN_ENUM_CONVERSION = YES;
				CLANG_WARN_INFINITE_RECURSION = YES;
				CLANG_WARN_INT_CONVERSION = YES;
				CLANG_WARN_NON_LITERAL_NULL_CONVERSION = YES;
				CLANG_WARN_OBJC_IMPLICIT_RETAIN_SELF = YES;
				CLANG_WARN_OBJC_LITERAL_CONVERSION = YES;
				CLANG_WARN_OBJC_ROOT_CLASS = YES_ERROR;
				CLANG_WARN_QUOTED_INCLUDE_IN_FRAMEWORK_HEADER = YES;
				CLANG_WARN_RANGE_LOOP_ANALYSIS = YES;
				CLANG_WARN_STRICT_PROTOTYPES = YES;
				CLANG_WARN_SUSPICIOUS_MOVE = YES;
				CLANG_WARN_UNGUARDED_AVAILABILITY = YES_AGGRESSIVE;
				CLANG_WARN_UNREACHABLE_CODE = YES;
				CLANG_WARN__DUPLICATE_METHOD_MATCH = YES;
				COPY_PHASE_STRIP = NO;
				DEBUG_INFORMATION_FORMAT = "dwarf-with-dsym";
				ENABLE_NS_ASSERTIONS = NO;
				ENABLE_STRICT_OBJC_MSGSEND = YES;
				GCC_C_LANGUAGE_STANDARD = gnu11;
				GCC_NO_COMMON_BLOCKS = YES;
				GCC_WARN_64_TO_32_BIT_CONVERSION = YES;
				GCC_WARN_ABOUT_RETURN_TYPE = YES_ERROR;
				GCC_WARN_UNDECLARED_SELECTOR = YES;
				GCC_WARN_UNINITIALIZED_AUTOS = YES_AGGRESSIVE;
				GCC_WARN_UNUSED_FUNCTION = YES;
				GCC_WARN_UNUSED_VARIABLE = YES;
				IPHONEOS_DEPLOYMENT_TARGET = 15.2;
				MTL_ENABLE_DEBUG_INFO = NO;
				MTL_FAST_MATH = YES;
				SDKROOT = iphoneos;
				SWIFT_COMPILATION_MODE = wholemodule;
				SWIFT_OPTIMIZATION_LEVEL = "-O";
				VALIDATE_PRODUCT = YES;
			};
			name = Release;
		};
		136FB3FA29C2010400C3FCF4 /* Debug */ = {
			isa = XCBuildConfiguration;
			buildSettings = {
				ASSETCATALOG_COMPILER_APPICON_NAME = AppIcon;
				ASSETCATALOG_COMPILER_GLOBAL_ACCENT_COLOR_NAME = AccentColor;
				CODE_SIGN_STYLE = Automatic;
				CURRENT_PROJECT_VERSION = 1;
				DEVELOPMENT_ASSET_PATHS = "\"Oak for Reddit/Preview Content\"";
				DEVELOPMENT_TEAM = 68W9P58KA7;
				ENABLE_PREVIEWS = YES;
				GENERATE_INFOPLIST_FILE = YES;
				INFOPLIST_FILE = "Oak-for-Reddit-Info.plist";
				INFOPLIST_KEY_NSPhotoLibraryUsageDescription = "Save photo on your device";
				INFOPLIST_KEY_UIApplicationSceneManifest_Generation = YES;
				INFOPLIST_KEY_UIApplicationSupportsIndirectInputEvents = YES;
				INFOPLIST_KEY_UILaunchScreen_Generation = YES;
				INFOPLIST_KEY_UISupportedInterfaceOrientations_iPad = "UIInterfaceOrientationPortrait UIInterfaceOrientationPortraitUpsideDown UIInterfaceOrientationLandscapeLeft UIInterfaceOrientationLandscapeRight";
				INFOPLIST_KEY_UISupportedInterfaceOrientations_iPhone = "UIInterfaceOrientationPortrait UIInterfaceOrientationLandscapeLeft UIInterfaceOrientationLandscapeRight";
				LD_RUNPATH_SEARCH_PATHS = (
					"$(inherited)",
					"@executable_path/Frameworks",
				);
				MARKETING_VERSION = 1.0;
				PRODUCT_BUNDLE_IDENTIFIER = "org.polimi.Oak-for-Reddit";
				PRODUCT_NAME = "$(TARGET_NAME)";
				SWIFT_EMIT_LOC_STRINGS = YES;
				SWIFT_VERSION = 5.0;
				TARGETED_DEVICE_FAMILY = "1,2";
			};
			name = Debug;
		};
		136FB3FB29C2010400C3FCF4 /* Release */ = {
			isa = XCBuildConfiguration;
			buildSettings = {
				ASSETCATALOG_COMPILER_APPICON_NAME = AppIcon;
				ASSETCATALOG_COMPILER_GLOBAL_ACCENT_COLOR_NAME = AccentColor;
				CODE_SIGN_STYLE = Automatic;
				CURRENT_PROJECT_VERSION = 1;
				DEVELOPMENT_ASSET_PATHS = "\"Oak for Reddit/Preview Content\"";
				DEVELOPMENT_TEAM = 68W9P58KA7;
				ENABLE_PREVIEWS = YES;
				GENERATE_INFOPLIST_FILE = YES;
				INFOPLIST_FILE = "Oak-for-Reddit-Info.plist";
				INFOPLIST_KEY_NSPhotoLibraryUsageDescription = "Save photo on your device";
				INFOPLIST_KEY_UIApplicationSceneManifest_Generation = YES;
				INFOPLIST_KEY_UIApplicationSupportsIndirectInputEvents = YES;
				INFOPLIST_KEY_UILaunchScreen_Generation = YES;
				INFOPLIST_KEY_UISupportedInterfaceOrientations_iPad = "UIInterfaceOrientationPortrait UIInterfaceOrientationPortraitUpsideDown UIInterfaceOrientationLandscapeLeft UIInterfaceOrientationLandscapeRight";
				INFOPLIST_KEY_UISupportedInterfaceOrientations_iPhone = "UIInterfaceOrientationPortrait UIInterfaceOrientationLandscapeLeft UIInterfaceOrientationLandscapeRight";
				LD_RUNPATH_SEARCH_PATHS = (
					"$(inherited)",
					"@executable_path/Frameworks",
				);
				MARKETING_VERSION = 1.0;
				PRODUCT_BUNDLE_IDENTIFIER = "org.polimi.Oak-for-Reddit";
				PRODUCT_NAME = "$(TARGET_NAME)";
				SWIFT_EMIT_LOC_STRINGS = YES;
				SWIFT_VERSION = 5.0;
				TARGETED_DEVICE_FAMILY = "1,2";
			};
			name = Release;
		};
		136FB3FD29C2010400C3FCF4 /* Debug */ = {
			isa = XCBuildConfiguration;
			buildSettings = {
				ALWAYS_EMBED_SWIFT_STANDARD_LIBRARIES = YES;
				BUNDLE_LOADER = "$(TEST_HOST)";
				CODE_SIGN_STYLE = Automatic;
				CURRENT_PROJECT_VERSION = 1;
				DEVELOPMENT_TEAM = 68W9P58KA7;
				GENERATE_INFOPLIST_FILE = YES;
				IPHONEOS_DEPLOYMENT_TARGET = 15.2;
				MARKETING_VERSION = 1.0;
				PRODUCT_BUNDLE_IDENTIFIER = "org.polimi.Oak-for-RedditTests";
				PRODUCT_NAME = "$(TARGET_NAME)";
				SWIFT_EMIT_LOC_STRINGS = NO;
				SWIFT_VERSION = 5.0;
				TARGETED_DEVICE_FAMILY = "1,2";
				TEST_HOST = "$(BUILT_PRODUCTS_DIR)/Oak for Reddit.app/Oak for Reddit";
			};
			name = Debug;
		};
		136FB3FE29C2010400C3FCF4 /* Release */ = {
			isa = XCBuildConfiguration;
			buildSettings = {
				ALWAYS_EMBED_SWIFT_STANDARD_LIBRARIES = YES;
				BUNDLE_LOADER = "$(TEST_HOST)";
				CODE_SIGN_STYLE = Automatic;
				CURRENT_PROJECT_VERSION = 1;
				DEVELOPMENT_TEAM = 68W9P58KA7;
				GENERATE_INFOPLIST_FILE = YES;
				IPHONEOS_DEPLOYMENT_TARGET = 15.2;
				MARKETING_VERSION = 1.0;
				PRODUCT_BUNDLE_IDENTIFIER = "org.polimi.Oak-for-RedditTests";
				PRODUCT_NAME = "$(TARGET_NAME)";
				SWIFT_EMIT_LOC_STRINGS = NO;
				SWIFT_VERSION = 5.0;
				TARGETED_DEVICE_FAMILY = "1,2";
				TEST_HOST = "$(BUILT_PRODUCTS_DIR)/Oak for Reddit.app/Oak for Reddit";
			};
			name = Release;
		};
		136FB40029C2010400C3FCF4 /* Debug */ = {
			isa = XCBuildConfiguration;
			buildSettings = {
				ALWAYS_EMBED_SWIFT_STANDARD_LIBRARIES = YES;
				CODE_SIGN_STYLE = Automatic;
				CURRENT_PROJECT_VERSION = 1;
				DEVELOPMENT_TEAM = 68W9P58KA7;
				GENERATE_INFOPLIST_FILE = YES;
				MARKETING_VERSION = 1.0;
				PRODUCT_BUNDLE_IDENTIFIER = "org.polimi.Oak-for-RedditUITests";
				PRODUCT_NAME = "$(TARGET_NAME)";
				SWIFT_EMIT_LOC_STRINGS = NO;
				SWIFT_VERSION = 5.0;
				TARGETED_DEVICE_FAMILY = "1,2";
				TEST_TARGET_NAME = "Oak for Reddit";
			};
			name = Debug;
		};
		136FB40129C2010400C3FCF4 /* Release */ = {
			isa = XCBuildConfiguration;
			buildSettings = {
				ALWAYS_EMBED_SWIFT_STANDARD_LIBRARIES = YES;
				CODE_SIGN_STYLE = Automatic;
				CURRENT_PROJECT_VERSION = 1;
				DEVELOPMENT_TEAM = 68W9P58KA7;
				GENERATE_INFOPLIST_FILE = YES;
				MARKETING_VERSION = 1.0;
				PRODUCT_BUNDLE_IDENTIFIER = "org.polimi.Oak-for-RedditUITests";
				PRODUCT_NAME = "$(TARGET_NAME)";
				SWIFT_EMIT_LOC_STRINGS = NO;
				SWIFT_VERSION = 5.0;
				TARGETED_DEVICE_FAMILY = "1,2";
				TEST_TARGET_NAME = "Oak for Reddit";
			};
			name = Release;
		};
/* End XCBuildConfiguration section */

/* Begin XCConfigurationList section */
		136FB3D029C200FD00C3FCF4 /* Build configuration list for PBXProject "Oak for Reddit" */ = {
			isa = XCConfigurationList;
			buildConfigurations = (
				136FB3F729C2010400C3FCF4 /* Debug */,
				136FB3F829C2010400C3FCF4 /* Release */,
			);
			defaultConfigurationIsVisible = 0;
			defaultConfigurationName = Release;
		};
		136FB3F929C2010400C3FCF4 /* Build configuration list for PBXNativeTarget "Oak for Reddit" */ = {
			isa = XCConfigurationList;
			buildConfigurations = (
				136FB3FA29C2010400C3FCF4 /* Debug */,
				136FB3FB29C2010400C3FCF4 /* Release */,
			);
			defaultConfigurationIsVisible = 0;
			defaultConfigurationName = Release;
		};
		136FB3FC29C2010400C3FCF4 /* Build configuration list for PBXNativeTarget "Oak for RedditTests" */ = {
			isa = XCConfigurationList;
			buildConfigurations = (
				136FB3FD29C2010400C3FCF4 /* Debug */,
				136FB3FE29C2010400C3FCF4 /* Release */,
			);
			defaultConfigurationIsVisible = 0;
			defaultConfigurationName = Release;
		};
		136FB3FF29C2010400C3FCF4 /* Build configuration list for PBXNativeTarget "Oak for RedditUITests" */ = {
			isa = XCConfigurationList;
			buildConfigurations = (
				136FB40029C2010400C3FCF4 /* Debug */,
				136FB40129C2010400C3FCF4 /* Release */,
			);
			defaultConfigurationIsVisible = 0;
			defaultConfigurationName = Release;
		};
/* End XCConfigurationList section */
	};
	rootObject = 136FB3CD29C200FD00C3FCF4 /* Project object */;
}
